// !$*UTF8*$!
{
	archiveVersion = 1;
	classes = {
	};
	objectVersion = 50;
	objects = {

/* Begin PBXBuildFile section */
		B20F65972541318D00F32A07 /* MyView.swift in Sources */ = {isa = PBXBuildFile; fileRef = B20F65962541318D00F32A07 /* MyView.swift */; };
		B20F659A2541391F00F32A07 /* UserView.swift in Sources */ = {isa = PBXBuildFile; fileRef = B20F65992541391F00F32A07 /* UserView.swift */; };
		B20F659D2541393B00F32A07 /* UserView.xib in Resources */ = {isa = PBXBuildFile; fileRef = B20F659C2541393B00F32A07 /* UserView.xib */; };
		B20F65A6254141CA00F32A07 /* CustomViewController.swift in Sources */ = {isa = PBXBuildFile; fileRef = B20F65A5254141CA00F32A07 /* CustomViewController.swift */; };
		B20F65B62542855800F32A07 /* AvatarBlock.swift in Sources */ = {isa = PBXBuildFile; fileRef = B20F65B52542855800F32A07 /* AvatarBlock.swift */; };
		B20F65B92542856B00F32A07 /* AvatarBlock.xib in Resources */ = {isa = PBXBuildFile; fileRef = B20F65B82542856B00F32A07 /* AvatarBlock.xib */; };
		B2255F3225402BC10005123D /* AppDelegate.swift in Sources */ = {isa = PBXBuildFile; fileRef = B2255F3125402BC10005123D /* AppDelegate.swift */; };
		B2255F3425402BC10005123D /* SceneDelegate.swift in Sources */ = {isa = PBXBuildFile; fileRef = B2255F3325402BC10005123D /* SceneDelegate.swift */; };
		B2255F3625402BC10005123D /* ViewController.swift in Sources */ = {isa = PBXBuildFile; fileRef = B2255F3525402BC10005123D /* ViewController.swift */; };
		B2255F3925402BC10005123D /* Main.storyboard in Resources */ = {isa = PBXBuildFile; fileRef = B2255F3725402BC10005123D /* Main.storyboard */; };
		B2255F3B25402BC40005123D /* Assets.xcassets in Resources */ = {isa = PBXBuildFile; fileRef = B2255F3A25402BC40005123D /* Assets.xcassets */; };
		B2255F3E25402BC40005123D /* LaunchScreen.storyboard in Resources */ = {isa = PBXBuildFile; fileRef = B2255F3C25402BC40005123D /* LaunchScreen.storyboard */; };
/* End PBXBuildFile section */

/* Begin PBXFileReference section */
		B20F65962541318D00F32A07 /* MyView.swift */ = {isa = PBXFileReference; lastKnownFileType = sourcecode.swift; path = MyView.swift; sourceTree = "<group>"; };
		B20F65992541391F00F32A07 /* UserView.swift */ = {isa = PBXFileReference; lastKnownFileType = sourcecode.swift; path = UserView.swift; sourceTree = "<group>"; };
		B20F659C2541393B00F32A07 /* UserView.xib */ = {isa = PBXFileReference; lastKnownFileType = file.xib; path = UserView.xib; sourceTree = "<group>"; };
		B20F65A5254141CA00F32A07 /* CustomViewController.swift */ = {isa = PBXFileReference; lastKnownFileType = sourcecode.swift; path = CustomViewController.swift; sourceTree = "<group>"; };
		B20F65B52542855800F32A07 /* AvatarBlock.swift */ = {isa = PBXFileReference; lastKnownFileType = sourcecode.swift; path = AvatarBlock.swift; sourceTree = "<group>"; };
		B20F65B82542856B00F32A07 /* AvatarBlock.xib */ = {isa = PBXFileReference; lastKnownFileType = file.xib; path = AvatarBlock.xib; sourceTree = "<group>"; };
		B2255F2E25402BC10005123D /* BasicIOSTuts.app */ = {isa = PBXFileReference; explicitFileType = wrapper.application; includeInIndex = 0; path = BasicIOSTuts.app; sourceTree = BUILT_PRODUCTS_DIR; };
		B2255F3125402BC10005123D /* AppDelegate.swift */ = {isa = PBXFileReference; lastKnownFileType = sourcecode.swift; path = AppDelegate.swift; sourceTree = "<group>"; };
		B2255F3325402BC10005123D /* SceneDelegate.swift */ = {isa = PBXFileReference; lastKnownFileType = sourcecode.swift; path = SceneDelegate.swift; sourceTree = "<group>"; };
		B2255F3525402BC10005123D /* ViewController.swift */ = {isa = PBXFileReference; lastKnownFileType = sourcecode.swift; path = ViewController.swift; sourceTree = "<group>"; };
		B2255F3825402BC10005123D /* Base */ = {isa = PBXFileReference; lastKnownFileType = file.storyboard; name = Base; path = Base.lproj/Main.storyboard; sourceTree = "<group>"; };
		B2255F3A25402BC40005123D /* Assets.xcassets */ = {isa = PBXFileReference; lastKnownFileType = folder.assetcatalog; path = Assets.xcassets; sourceTree = "<group>"; };
		B2255F3D25402BC40005123D /* Base */ = {isa = PBXFileReference; lastKnownFileType = file.storyboard; name = Base; path = Base.lproj/LaunchScreen.storyboard; sourceTree = "<group>"; };
		B2255F3F25402BC40005123D /* Info.plist */ = {isa = PBXFileReference; lastKnownFileType = text.plist.xml; path = Info.plist; sourceTree = "<group>"; };
/* End PBXFileReference section */

/* Begin PBXFrameworksBuildPhase section */
		B2255F2B25402BC10005123D /* Frameworks */ = {
			isa = PBXFrameworksBuildPhase;
			buildActionMask = 2147483647;
			files = (
			);
			runOnlyForDeploymentPostprocessing = 0;
		};
/* End PBXFrameworksBuildPhase section */

/* Begin PBXGroup section */
		B20F65912541231D00F32A07 /* Views */ = {
			isa = PBXGroup;
			children = (
				B20F65B42542854500F32A07 /* AvatarBlock */,
				B20F65962541318D00F32A07 /* MyView.swift */,
				B22580562543C253002EFAF2 /* UserView */,
			);
			path = Views;
			sourceTree = "<group>";
		};
		B20F65A025413FD800F32A07 /* Controllers */ = {
			isa = PBXGroup;
			children = (
				B20F65A5254141CA00F32A07 /* CustomViewController.swift */,
			);
			path = Controllers;
			sourceTree = "<group>";
		};
		B20F65B42542854500F32A07 /* AvatarBlock */ = {
			isa = PBXGroup;
			children = (
				B20F65B52542855800F32A07 /* AvatarBlock.swift */,
				B20F65B82542856B00F32A07 /* AvatarBlock.xib */,
			);
			path = AvatarBlock;
			sourceTree = "<group>";
		};
		B2255F2525402BC10005123D = {
			isa = PBXGroup;
			children = (
				B2255F3025402BC10005123D /* BasicIOSTuts */,
				B2255F2F25402BC10005123D /* Products */,
			);
			sourceTree = "<group>";
		};
		B2255F2F25402BC10005123D /* Products */ = {
			isa = PBXGroup;
			children = (
				B2255F2E25402BC10005123D /* BasicIOSTuts.app */,
			);
			name = Products;
			sourceTree = "<group>";
		};
		B2255F3025402BC10005123D /* BasicIOSTuts */ = {
			isa = PBXGroup;
			children = (
				B20F65A025413FD800F32A07 /* Controllers */,
				B20F65912541231D00F32A07 /* Views */,
				B2255F3125402BC10005123D /* AppDelegate.swift */,
				B2255F3325402BC10005123D /* SceneDelegate.swift */,
				B2255F3525402BC10005123D /* ViewController.swift */,
				B2255F3725402BC10005123D /* Main.storyboard */,
				B2255F3A25402BC40005123D /* Assets.xcassets */,
				B2255F3C25402BC40005123D /* LaunchScreen.storyboard */,
				B2255F3F25402BC40005123D /* Info.plist */,
			);
			path = BasicIOSTuts;
			sourceTree = "<group>";
		};
		B22580562543C253002EFAF2 /* UserView */ = {
			isa = PBXGroup;
			children = (
				B20F65992541391F00F32A07 /* UserView.swift */,
				B20F659C2541393B00F32A07 /* UserView.xib */,
			);
			path = UserView;
			sourceTree = "<group>";
		};
/* End PBXGroup section */

/* Begin PBXNativeTarget section */
		B2255F2D25402BC10005123D /* BasicIOSTuts */ = {
			isa = PBXNativeTarget;
			buildConfigurationList = B2255F4225402BC40005123D /* Build configuration list for PBXNativeTarget "BasicIOSTuts" */;
			buildPhases = (
				B2255F2A25402BC10005123D /* Sources */,
				B2255F2B25402BC10005123D /* Frameworks */,
				B2255F2C25402BC10005123D /* Resources */,
			);
			buildRules = (
			);
			dependencies = (
			);
			name = BasicIOSTuts;
			productName = BasicIOSTuts;
			productReference = B2255F2E25402BC10005123D /* BasicIOSTuts.app */;
			productType = "com.apple.product-type.application";
		};
/* End PBXNativeTarget section */

/* Begin PBXProject section */
		B2255F2625402BC10005123D /* Project object */ = {
			isa = PBXProject;
			attributes = {
				LastSwiftUpdateCheck = 1200;
				LastUpgradeCheck = 1200;
				TargetAttributes = {
					B2255F2D25402BC10005123D = {
						CreatedOnToolsVersion = 12.0.1;
					};
				};
			};
			buildConfigurationList = B2255F2925402BC10005123D /* Build configuration list for PBXProject "BasicIOSTuts" */;
			compatibilityVersion = "Xcode 9.3";
			developmentRegion = en;
			hasScannedForEncodings = 0;
			knownRegions = (
				en,
				Base,
			);
			mainGroup = B2255F2525402BC10005123D;
			productRefGroup = B2255F2F25402BC10005123D /* Products */;
			projectDirPath = "";
			projectRoot = "";
			targets = (
				B2255F2D25402BC10005123D /* BasicIOSTuts */,
			);
		};
/* End PBXProject section */

/* Begin PBXResourcesBuildPhase section */
		B2255F2C25402BC10005123D /* Resources */ = {
			isa = PBXResourcesBuildPhase;
			buildActionMask = 2147483647;
			files = (
				B2255F3E25402BC40005123D /* LaunchScreen.storyboard in Resources */,
				B2255F3B25402BC40005123D /* Assets.xcassets in Resources */,
				B2255F3925402BC10005123D /* Main.storyboard in Resources */,
				B20F65B92542856B00F32A07 /* AvatarBlock.xib in Resources */,
				B20F659D2541393B00F32A07 /* UserView.xib in Resources */,
			);
			runOnlyForDeploymentPostprocessing = 0;
		};
/* End PBXResourcesBuildPhase section */

/* Begin PBXSourcesBuildPhase section */
		B2255F2A25402BC10005123D /* Sources */ = {
			isa = PBXSourcesBuildPhase;
			buildActionMask = 2147483647;
			files = (
				B2255F3625402BC10005123D /* ViewController.swift in Sources */,
				B20F65A6254141CA00F32A07 /* CustomViewController.swift in Sources */,
				B20F65B62542855800F32A07 /* AvatarBlock.swift in Sources */,
				B20F659A2541391F00F32A07 /* UserView.swift in Sources */,
				B20F65972541318D00F32A07 /* MyView.swift in Sources */,
				B2255F3225402BC10005123D /* AppDelegate.swift in Sources */,
				B2255F3425402BC10005123D /* SceneDelegate.swift in Sources */,
			);
			runOnlyForDeploymentPostprocessing = 0;
		};
/* End PBXSourcesBuildPhase section */

/* Begin PBXVariantGroup section */
		B2255F3725402BC10005123D /* Main.storyboard */ = {
			isa = PBXVariantGroup;
			children = (
				B2255F3825402BC10005123D /* Base */,
			);
			name = Main.storyboard;
			sourceTree = "<group>";
		};
		B2255F3C25402BC40005123D /* LaunchScreen.storyboard */ = {
			isa = PBXVariantGroup;
			children = (
				B2255F3D25402BC40005123D /* Base */,
			);
			name = LaunchScreen.storyboard;
			sourceTree = "<group>";
		};
/* End PBXVariantGroup section */

/* Begin XCBuildConfiguration section */
		B2255F4025402BC40005123D /* Debug */ = {
			isa = XCBuildConfiguration;
			buildSettings = {
				ALWAYS_SEARCH_USER_PATHS = NO;
				CLANG_ANALYZER_NONNULL = YES;
				CLANG_ANALYZER_NUMBER_OBJECT_CONVERSION = YES_AGGRESSIVE;
				CLANG_CXX_LANGUAGE_STANDARD = "gnu++14";
				CLANG_CXX_LIBRARY = "libc++";
				CLANG_ENABLE_MODULES = YES;
				CLANG_ENABLE_OBJC_ARC = YES;
				CLANG_ENABLE_OBJC_WEAK = YES;
				CLANG_WARN_BLOCK_CAPTURE_AUTORELEASING = YES;
				CLANG_WARN_BOOL_CONVERSION = YES;
				CLANG_WARN_COMMA = YES;
				CLANG_WARN_CONSTANT_CONVERSION = YES;
				CLANG_WARN_DEPRECATED_OBJC_IMPLEMENTATIONS = YES;
				CLANG_WARN_DIRECT_OBJC_ISA_USAGE = YES_ERROR;
				CLANG_WARN_DOCUMENTATION_COMMENTS = YES;
				CLANG_WARN_EMPTY_BODY = YES;
				CLANG_WARN_ENUM_CONVERSION = YES;
				CLANG_WARN_INFINITE_RECURSION = YES;
				CLANG_WARN_INT_CONVERSION = YES;
				CLANG_WARN_NON_LITERAL_NULL_CONVERSION = YES;
				CLANG_WARN_OBJC_IMPLICIT_RETAIN_SELF = YES;
				CLANG_WARN_OBJC_LITERAL_CONVERSION = YES;
				CLANG_WARN_OBJC_ROOT_CLASS = YES_ERROR;
				CLANG_WARN_QUOTED_INCLUDE_IN_FRAMEWORK_HEADER = YES;
				CLANG_WARN_RANGE_LOOP_ANALYSIS = YES;
				CLANG_WARN_STRICT_PROTOTYPES = YES;
				CLANG_WARN_SUSPICIOUS_MOVE = YES;
				CLANG_WARN_UNGUARDED_AVAILABILITY = YES_AGGRESSIVE;
				CLANG_WARN_UNREACHABLE_CODE = YES;
				CLANG_WARN__DUPLICATE_METHOD_MATCH = YES;
				COPY_PHASE_STRIP = NO;
				DEBUG_INFORMATION_FORMAT = dwarf;
				ENABLE_STRICT_OBJC_MSGSEND = YES;
				ENABLE_TESTABILITY = YES;
				GCC_C_LANGUAGE_STANDARD = gnu11;
				GCC_DYNAMIC_NO_PIC = NO;
				GCC_NO_COMMON_BLOCKS = YES;
				GCC_OPTIMIZATION_LEVEL = 0;
				GCC_PREPROCESSOR_DEFINITIONS = (
					"DEBUG=1",
					"$(inherited)",
				);
				GCC_WARN_64_TO_32_BIT_CONVERSION = YES;
				GCC_WARN_ABOUT_RETURN_TYPE = YES_ERROR;
				GCC_WARN_UNDECLARED_SELECTOR = YES;
				GCC_WARN_UNINITIALIZED_AUTOS = YES_AGGRESSIVE;
				GCC_WARN_UNUSED_FUNCTION = YES;
				GCC_WARN_UNUSED_VARIABLE = YES;
				IPHONEOS_DEPLOYMENT_TARGET = 14.0;
				MTL_ENABLE_DEBUG_INFO = INCLUDE_SOURCE;
				MTL_FAST_MATH = YES;
				ONLY_ACTIVE_ARCH = YES;
				SDKROOT = iphoneos;
				SWIFT_ACTIVE_COMPILATION_CONDITIONS = DEBUG;
				SWIFT_OPTIMIZATION_LEVEL = "-Onone";
			};
			name = Debug;
		};
		B2255F4125402BC40005123D /* Release */ = {
			isa = XCBuildConfiguration;
			buildSettings = {
				ALWAYS_SEARCH_USER_PATHS = NO;
				CLANG_ANALYZER_NONNULL = YES;
				CLANG_ANALYZER_NUMBER_OBJECT_CONVERSION = YES_AGGRESSIVE;
				CLANG_CXX_LANGUAGE_STANDARD = "gnu++14";
				CLANG_CXX_LIBRARY = "libc++";
				CLANG_ENABLE_MODULES = YES;
				CLANG_ENABLE_OBJC_ARC = YES;
				CLANG_ENABLE_OBJC_WEAK = YES;
				CLANG_WARN_BLOCK_CAPTURE_AUTORELEASING = YES;
				CLANG_WARN_BOOL_CONVERSION = YES;
				CLANG_WARN_COMMA = YES;
				CLANG_WARN_CONSTANT_CONVERSION = YES;
				CLANG_WARN_DEPRECATED_OBJC_IMPLEMENTATIONS = YES;
				CLANG_WARN_DIRECT_OBJC_ISA_USAGE = YES_ERROR;
				CLANG_WARN_DOCUMENTATION_COMMENTS = YES;
				CLANG_WARN_EMPTY_BODY = YES;
				CLANG_WARN_ENUM_CONVERSION = YES;
				CLANG_WARN_INFINITE_RECURSION = YES;
				CLANG_WARN_INT_CONVERSION = YES;
				CLANG_WARN_NON_LITERAL_NULL_CONVERSION = YES;
				CLANG_WARN_OBJC_IMPLICIT_RETAIN_SELF = YES;
				CLANG_WARN_OBJC_LITERAL_CONVERSION = YES;
				CLANG_WARN_OBJC_ROOT_CLASS = YES_ERROR;
				CLANG_WARN_QUOTED_INCLUDE_IN_FRAMEWORK_HEADER = YES;
				CLANG_WARN_RANGE_LOOP_ANALYSIS = YES;
				CLANG_WARN_STRICT_PROTOTYPES = YES;
				CLANG_WARN_SUSPICIOUS_MOVE = YES;
				CLANG_WARN_UNGUARDED_AVAILABILITY = YES_AGGRESSIVE;
				CLANG_WARN_UNREACHABLE_CODE = YES;
				CLANG_WARN__DUPLICATE_METHOD_MATCH = YES;
				COPY_PHASE_STRIP = NO;
				DEBUG_INFORMATION_FORMAT = "dwarf-with-dsym";
				ENABLE_NS_ASSERTIONS = NO;
				ENABLE_STRICT_OBJC_MSGSEND = YES;
				GCC_C_LANGUAGE_STANDARD = gnu11;
				GCC_NO_COMMON_BLOCKS = YES;
				GCC_WARN_64_TO_32_BIT_CONVERSION = YES;
				GCC_WARN_ABOUT_RETURN_TYPE = YES_ERROR;
				GCC_WARN_UNDECLARED_SELECTOR = YES;
				GCC_WARN_UNINITIALIZED_AUTOS = YES_AGGRESSIVE;
				GCC_WARN_UNUSED_FUNCTION = YES;
				GCC_WARN_UNUSED_VARIABLE = YES;
				IPHONEOS_DEPLOYMENT_TARGET = 14.0;
				MTL_ENABLE_DEBUG_INFO = NO;
				MTL_FAST_MATH = YES;
				SDKROOT = iphoneos;
				SWIFT_COMPILATION_MODE = wholemodule;
				SWIFT_OPTIMIZATION_LEVEL = "-O";
				VALIDATE_PRODUCT = YES;
			};
			name = Release;
		};
		B2255F4325402BC40005123D /* Debug */ = {
			isa = XCBuildConfiguration;
			buildSettings = {
				ASSETCATALOG_COMPILER_APPICON_NAME = AppIcon;
				ASSETCATALOG_COMPILER_GLOBAL_ACCENT_COLOR_NAME = AccentColor;
				CODE_SIGN_STYLE = Automatic;
				DEVELOPMENT_TEAM = M5985YM8L9;
				INFOPLIST_FILE = BasicIOSTuts/Info.plist;
				LD_RUNPATH_SEARCH_PATHS = (
					"$(inherited)",
					"@executable_path/Frameworks",
				);
				PRODUCT_BUNDLE_IDENTIFIER = "com.itraining.basic-iOS";
				PRODUCT_NAME = "$(TARGET_NAME)";
				SWIFT_VERSION = 5.0;
				TARGETED_DEVICE_FAMILY = "1,2";
			};
			name = Debug;
		};
		B2255F4425402BC40005123D /* Release */ = {
			isa = XCBuildConfiguration;
			buildSettings = {
				ASSETCATALOG_COMPILER_APPICON_NAME = AppIcon;
				ASSETCATALOG_COMPILER_GLOBAL_ACCENT_COLOR_NAME = AccentColor;
				CODE_SIGN_STYLE = Automatic;
				DEVELOPMENT_TEAM = M5985YM8L9;
				INFOPLIST_FILE = BasicIOSTuts/Info.plist;
				LD_RUNPATH_SEARCH_PATHS = (
					"$(inherited)",
					"@executable_path/Frameworks",
				);
				PRODUCT_BUNDLE_IDENTIFIER = "com.itraining.basic-iOS";
				PRODUCT_NAME = "$(TARGET_NAME)";
				SWIFT_VERSION = 5.0;
				TARGETED_DEVICE_FAMILY = "1,2";
			};
			name = Release;
		};
/* End XCBuildConfiguration section */

/* Begin XCConfigurationList section */
		B2255F2925402BC10005123D /* Build configuration list for PBXProject "BasicIOSTuts" */ = {
			isa = XCConfigurationList;
			buildConfigurations = (
				B2255F4025402BC40005123D /* Debug */,
				B2255F4125402BC40005123D /* Release */,
			);
			defaultConfigurationIsVisible = 0;
			defaultConfigurationName = Release;
		};
		B2255F4225402BC40005123D /* Build configuration list for PBXNativeTarget "BasicIOSTuts" */ = {
			isa = XCConfigurationList;
			buildConfigurations = (
				B2255F4325402BC40005123D /* Debug */,
				B2255F4425402BC40005123D /* Release */,
			);
			defaultConfigurationIsVisible = 0;
			defaultConfigurationName = Release;
		};
/* End XCConfigurationList section */
	};
	rootObject = B2255F2625402BC10005123D /* Project object */;
}
