// !$*UTF8*$!
{
	archiveVersion = 1;
	classes = {
	};
	objectVersion = 51;
	objects = {

/* Begin PBXBuildFile section */
		B27471F1253C9D82000F587B /* GoogleService-Info.plist in Resources */ = {isa = PBXBuildFile; fileRef = B27471F0253C9D82000F587B /* GoogleService-Info.plist */; };
		B27471F4253C9F0D000F587B /* AuthenticationState.swift in Sources */ = {isa = PBXBuildFile; fileRef = B27471F3253C9F0D000F587B /* AuthenticationState.swift */; };
		B27F33DA253C97D80073022D /* AppDelegate.swift in Sources */ = {isa = PBXBuildFile; fileRef = B27F33D9253C97D80073022D /* AppDelegate.swift */; };
		B27F33DC253C97D80073022D /* SceneDelegate.swift in Sources */ = {isa = PBXBuildFile; fileRef = B27F33DB253C97D80073022D /* SceneDelegate.swift */; };
		B27F33DE253C97D80073022D /* ContentView.swift in Sources */ = {isa = PBXBuildFile; fileRef = B27F33DD253C97D80073022D /* ContentView.swift */; };
		B27F33E0253C97DA0073022D /* Assets.xcassets in Resources */ = {isa = PBXBuildFile; fileRef = B27F33DF253C97DA0073022D /* Assets.xcassets */; };
		B27F33E3253C97DA0073022D /* Preview Assets.xcassets in Resources */ = {isa = PBXBuildFile; fileRef = B27F33E2253C97DA0073022D /* Preview Assets.xcassets */; };
		B27F33E6253C97DA0073022D /* LaunchScreen.storyboard in Resources */ = {isa = PBXBuildFile; fileRef = B27F33E4253C97DA0073022D /* LaunchScreen.storyboard */; };
		B27F33EF253C983C0073022D /* AuthenFormView.swift in Sources */ = {isa = PBXBuildFile; fileRef = B27F33EE253C983C0073022D /* AuthenFormView.swift */; };
		B87C0E69C4F0E2DE379093AD /* Pods_AuthenApp.framework in Frameworks */ = {isa = PBXBuildFile; fileRef = F4917E97A1954D3BDEAA8CF8 /* Pods_AuthenApp.framework */; };
/* End PBXBuildFile section */

/* Begin PBXFileReference section */
		0E3601DC45AFF86F1756B9BF /* Pods-AuthenApp.release.xcconfig */ = {isa = PBXFileReference; includeInIndex = 1; lastKnownFileType = text.xcconfig; name = "Pods-AuthenApp.release.xcconfig"; path = "Target Support Files/Pods-AuthenApp/Pods-AuthenApp.release.xcconfig"; sourceTree = "<group>"; };
		A288853CE4C62E81C3335260 /* Pods-AuthenApp.debug.xcconfig */ = {isa = PBXFileReference; includeInIndex = 1; lastKnownFileType = text.xcconfig; name = "Pods-AuthenApp.debug.xcconfig"; path = "Target Support Files/Pods-AuthenApp/Pods-AuthenApp.debug.xcconfig"; sourceTree = "<group>"; };
		B27471F0253C9D82000F587B /* GoogleService-Info.plist */ = {isa = PBXFileReference; fileEncoding = 4; lastKnownFileType = text.plist.xml; path = "GoogleService-Info.plist"; sourceTree = "<group>"; };
		B27471F3253C9F0D000F587B /* AuthenticationState.swift */ = {isa = PBXFileReference; lastKnownFileType = sourcecode.swift; path = AuthenticationState.swift; sourceTree = "<group>"; };
		B27F33D6253C97D80073022D /* AuthenApp.app */ = {isa = PBXFileReference; explicitFileType = wrapper.application; includeInIndex = 0; path = AuthenApp.app; sourceTree = BUILT_PRODUCTS_DIR; };
		B27F33D9253C97D80073022D /* AppDelegate.swift */ = {isa = PBXFileReference; lastKnownFileType = sourcecode.swift; path = AppDelegate.swift; sourceTree = "<group>"; };
		B27F33DB253C97D80073022D /* SceneDelegate.swift */ = {isa = PBXFileReference; lastKnownFileType = sourcecode.swift; path = SceneDelegate.swift; sourceTree = "<group>"; };
		B27F33DD253C97D80073022D /* ContentView.swift */ = {isa = PBXFileReference; lastKnownFileType = sourcecode.swift; path = ContentView.swift; sourceTree = "<group>"; };
		B27F33DF253C97DA0073022D /* Assets.xcassets */ = {isa = PBXFileReference; lastKnownFileType = folder.assetcatalog; path = Assets.xcassets; sourceTree = "<group>"; };
		B27F33E2253C97DA0073022D /* Preview Assets.xcassets */ = {isa = PBXFileReference; lastKnownFileType = folder.assetcatalog; path = "Preview Assets.xcassets"; sourceTree = "<group>"; };
		B27F33E5253C97DA0073022D /* Base */ = {isa = PBXFileReference; lastKnownFileType = file.storyboard; name = Base; path = Base.lproj/LaunchScreen.storyboard; sourceTree = "<group>"; };
		B27F33E7253C97DA0073022D /* Info.plist */ = {isa = PBXFileReference; lastKnownFileType = text.plist.xml; path = Info.plist; sourceTree = "<group>"; };
		B27F33EE253C983C0073022D /* AuthenFormView.swift */ = {isa = PBXFileReference; lastKnownFileType = sourcecode.swift; path = AuthenFormView.swift; sourceTree = "<group>"; };
		F4917E97A1954D3BDEAA8CF8 /* Pods_AuthenApp.framework */ = {isa = PBXFileReference; explicitFileType = wrapper.framework; includeInIndex = 0; path = Pods_AuthenApp.framework; sourceTree = BUILT_PRODUCTS_DIR; };
/* End PBXFileReference section */

/* Begin PBXFrameworksBuildPhase section */
		B27F33D3253C97D80073022D /* Frameworks */ = {
			isa = PBXFrameworksBuildPhase;
			buildActionMask = 2147483647;
			files = (
				B87C0E69C4F0E2DE379093AD /* Pods_AuthenApp.framework in Frameworks */,
			);
			runOnlyForDeploymentPostprocessing = 0;
		};
/* End PBXFrameworksBuildPhase section */

/* Begin PBXGroup section */
		A40229A630B9CA4DF2C36433 /* Pods */ = {
			isa = PBXGroup;
			children = (
				A288853CE4C62E81C3335260 /* Pods-AuthenApp.debug.xcconfig */,
				0E3601DC45AFF86F1756B9BF /* Pods-AuthenApp.release.xcconfig */,
			);
			path = Pods;
			sourceTree = "<group>";
		};
		B27471F2253C9EAC000F587B /* Model */ = {
			isa = PBXGroup;
			children = (
				B27471F3253C9F0D000F587B /* AuthenticationState.swift */,
			);
			path = Model;
			sourceTree = "<group>";
		};
		B27F33CD253C97D80073022D = {
			isa = PBXGroup;
			children = (
				B27F33D8253C97D80073022D /* AuthenApp */,
				B27F33D7253C97D80073022D /* Products */,
				A40229A630B9CA4DF2C36433 /* Pods */,
				C4E9CC923C0DC9529800D7F8 /* Frameworks */,
			);
			sourceTree = "<group>";
		};
		B27F33D7253C97D80073022D /* Products */ = {
			isa = PBXGroup;
			children = (
				B27F33D6253C97D80073022D /* AuthenApp.app */,
			);
			name = Products;
			sourceTree = "<group>";
		};
		B27F33D8253C97D80073022D /* AuthenApp */ = {
			isa = PBXGroup;
			children = (
				B27471F2253C9EAC000F587B /* Model */,
				B27F33ED253C97EA0073022D /* View */,
				B27F33D9253C97D80073022D /* AppDelegate.swift */,
				B27F33DB253C97D80073022D /* SceneDelegate.swift */,
				B27F33DF253C97DA0073022D /* Assets.xcassets */,
				B27471F0253C9D82000F587B /* GoogleService-Info.plist */,
				B27F33E4253C97DA0073022D /* LaunchScreen.storyboard */,
				B27F33E7253C97DA0073022D /* Info.plist */,
				B27F33E1253C97DA0073022D /* Preview Content */,
			);
			path = AuthenApp;
			sourceTree = "<group>";
		};
		B27F33E1253C97DA0073022D /* Preview Content */ = {
			isa = PBXGroup;
			children = (
				B27F33E2253C97DA0073022D /* Preview Assets.xcassets */,
			);
			path = "Preview Content";
			sourceTree = "<group>";
		};
		B27F33ED253C97EA0073022D /* View */ = {
			isa = PBXGroup;
			children = (
				B27F33DD253C97D80073022D /* ContentView.swift */,
				B27F33EE253C983C0073022D /* AuthenFormView.swift */,
			);
			path = View;
			sourceTree = "<group>";
		};
		C4E9CC923C0DC9529800D7F8 /* Frameworks */ = {
			isa = PBXGroup;
			children = (
				F4917E97A1954D3BDEAA8CF8 /* Pods_AuthenApp.framework */,
			);
			name = Frameworks;
			sourceTree = "<group>";
		};
/* End PBXGroup section */

/* Begin PBXNativeTarget section */
		B27F33D5253C97D80073022D /* AuthenApp */ = {
			isa = PBXNativeTarget;
			buildConfigurationList = B27F33EA253C97DA0073022D /* Build configuration list for PBXNativeTarget "AuthenApp" */;
			buildPhases = (
				7DF0FE375AD1A521D22B3EB6 /* [CP] Check Pods Manifest.lock */,
				B27F33D2253C97D80073022D /* Sources */,
				B27F33D3253C97D80073022D /* Frameworks */,
				B27F33D4253C97D80073022D /* Resources */,
				7B721577A3384FC3B81B21AD /* [CP] Embed Pods Frameworks */,
			);
			buildRules = (
			);
			dependencies = (
			);
			name = AuthenApp;
			productName = AuthenApp;
			productReference = B27F33D6253C97D80073022D /* AuthenApp.app */;
			productType = "com.apple.product-type.application";
		};
/* End PBXNativeTarget section */

/* Begin PBXProject section */
		B27F33CE253C97D80073022D /* Project object */ = {
			isa = PBXProject;
			attributes = {
				LastSwiftUpdateCheck = 1170;
				LastUpgradeCheck = 1170;
				ORGANIZATIONNAME = iTraining;
				TargetAttributes = {
					B27F33D5253C97D80073022D = {
						CreatedOnToolsVersion = 11.7;
					};
				};
			};
			buildConfigurationList = B27F33D1253C97D80073022D /* Build configuration list for PBXProject "AuthenApp" */;
			compatibilityVersion = "Xcode 9.3";
			developmentRegion = en;
			hasScannedForEncodings = 0;
			knownRegions = (
				en,
				Base,
			);
			mainGroup = B27F33CD253C97D80073022D;
			productRefGroup = B27F33D7253C97D80073022D /* Products */;
			projectDirPath = "";
			projectRoot = "";
			targets = (
				B27F33D5253C97D80073022D /* AuthenApp */,
			);
		};
/* End PBXProject section */

/* Begin PBXResourcesBuildPhase section */
		B27F33D4253C97D80073022D /* Resources */ = {
			isa = PBXResourcesBuildPhase;
			buildActionMask = 2147483647;
			files = (
				B27F33E6253C97DA0073022D /* LaunchScreen.storyboard in Resources */,
				B27471F1253C9D82000F587B /* GoogleService-Info.plist in Resources */,
				B27F33E3253C97DA0073022D /* Preview Assets.xcassets in Resources */,
				B27F33E0253C97DA0073022D /* Assets.xcassets in Resources */,
			);
			runOnlyForDeploymentPostprocessing = 0;
		};
/* End PBXResourcesBuildPhase section */

/* Begin PBXShellScriptBuildPhase section */
		7B721577A3384FC3B81B21AD /* [CP] Embed Pods Frameworks */ = {
			isa = PBXShellScriptBuildPhase;
			buildActionMask = 2147483647;
			files = (
			);
			inputFileListPaths = (
				"${PODS_ROOT}/Target Support Files/Pods-AuthenApp/Pods-AuthenApp-frameworks-${CONFIGURATION}-input-files.xcfilelist",
			);
			name = "[CP] Embed Pods Frameworks";
			outputFileListPaths = (
				"${PODS_ROOT}/Target Support Files/Pods-AuthenApp/Pods-AuthenApp-frameworks-${CONFIGURATION}-output-files.xcfilelist",
			);
			runOnlyForDeploymentPostprocessing = 0;
			shellPath = /bin/sh;
			shellScript = "\"${PODS_ROOT}/Target Support Files/Pods-AuthenApp/Pods-AuthenApp-frameworks.sh\"\n";
			showEnvVarsInLog = 0;
		};
		7DF0FE375AD1A521D22B3EB6 /* [CP] Check Pods Manifest.lock */ = {
			isa = PBXShellScriptBuildPhase;
			buildActionMask = 2147483647;
			files = (
			);
			inputFileListPaths = (
			);
			inputPaths = (
				"${PODS_PODFILE_DIR_PATH}/Podfile.lock",
				"${PODS_ROOT}/Manifest.lock",
			);
			name = "[CP] Check Pods Manifest.lock";
			outputFileListPaths = (
			);
			outputPaths = (
				"$(DERIVED_FILE_DIR)/Pods-AuthenApp-checkManifestLockResult.txt",
			);
			runOnlyForDeploymentPostprocessing = 0;
			shellPath = /bin/sh;
			shellScript = "diff \"${PODS_PODFILE_DIR_PATH}/Podfile.lock\" \"${PODS_ROOT}/Manifest.lock\" > /dev/null\nif [ $? != 0 ] ; then\n    # print error to STDERR\n    echo \"error: The sandbox is not in sync with the Podfile.lock. Run 'pod install' or update your CocoaPods installation.\" >&2\n    exit 1\nfi\n# This output is used by Xcode 'outputs' to avoid re-running this script phase.\necho \"SUCCESS\" > \"${SCRIPT_OUTPUT_FILE_0}\"\n";
			showEnvVarsInLog = 0;
		};
/* End PBXShellScriptBuildPhase section */

/* Begin PBXSourcesBuildPhase section */
		B27F33D2253C97D80073022D /* Sources */ = {
			isa = PBXSourcesBuildPhase;
			buildActionMask = 2147483647;
			files = (
				B27F33DA253C97D80073022D /* AppDelegate.swift in Sources */,
				B27F33DC253C97D80073022D /* SceneDelegate.swift in Sources */,
				B27F33DE253C97D80073022D /* ContentView.swift in Sources */,
				B27F33EF253C983C0073022D /* AuthenFormView.swift in Sources */,
				B27471F4253C9F0D000F587B /* AuthenticationState.swift in Sources */,
			);
			runOnlyForDeploymentPostprocessing = 0;
		};
/* End PBXSourcesBuildPhase section */

/* Begin PBXVariantGroup section */
		B27F33E4253C97DA0073022D /* LaunchScreen.storyboard */ = {
			isa = PBXVariantGroup;
			children = (
				B27F33E5253C97DA0073022D /* Base */,
			);
			name = LaunchScreen.storyboard;
			sourceTree = "<group>";
		};
/* End PBXVariantGroup section */

/* Begin XCBuildConfiguration section */
		B27F33E8253C97DA0073022D /* Debug */ = {
			isa = XCBuildConfiguration;
			buildSettings = {
				ALWAYS_SEARCH_USER_PATHS = NO;
				CLANG_ANALYZER_NONNULL = YES;
				CLANG_ANALYZER_NUMBER_OBJECT_CONVERSION = YES_AGGRESSIVE;
				CLANG_CXX_LANGUAGE_STANDARD = "gnu++14";
				CLANG_CXX_LIBRARY = "libc++";
				CLANG_ENABLE_MODULES = YES;
				CLANG_ENABLE_OBJC_ARC = YES;
				CLANG_ENABLE_OBJC_WEAK = YES;
				CLANG_WARN_BLOCK_CAPTURE_AUTORELEASING = YES;
				CLANG_WARN_BOOL_CONVERSION = YES;
				CLANG_WARN_COMMA = YES;
				CLANG_WARN_CONSTANT_CONVERSION = YES;
				CLANG_WARN_DEPRECATED_OBJC_IMPLEMENTATIONS = YES;
				CLANG_WARN_DIRECT_OBJC_ISA_USAGE = YES_ERROR;
				CLANG_WARN_DOCUMENTATION_COMMENTS = YES;
				CLANG_WARN_EMPTY_BODY = YES;
				CLANG_WARN_ENUM_CONVERSION = YES;
				CLANG_WARN_INFINITE_RECURSION = YES;
				CLANG_WARN_INT_CONVERSION = YES;
				CLANG_WARN_NON_LITERAL_NULL_CONVERSION = YES;
				CLANG_WARN_OBJC_IMPLICIT_RETAIN_SELF = YES;
				CLANG_WARN_OBJC_LITERAL_CONVERSION = YES;
				CLANG_WARN_OBJC_ROOT_CLASS = YES_ERROR;
				CLANG_WARN_RANGE_LOOP_ANALYSIS = YES;
				CLANG_WARN_STRICT_PROTOTYPES = YES;
				CLANG_WARN_SUSPICIOUS_MOVE = YES;
				CLANG_WARN_UNGUARDED_AVAILABILITY = YES_AGGRESSIVE;
				CLANG_WARN_UNREACHABLE_CODE = YES;
				CLANG_WARN__DUPLICATE_METHOD_MATCH = YES;
				COPY_PHASE_STRIP = NO;
				DEBUG_INFORMATION_FORMAT = dwarf;
				ENABLE_STRICT_OBJC_MSGSEND = YES;
				ENABLE_TESTABILITY = YES;
				GCC_C_LANGUAGE_STANDARD = gnu11;
				GCC_DYNAMIC_NO_PIC = NO;
				GCC_NO_COMMON_BLOCKS = YES;
				GCC_OPTIMIZATION_LEVEL = 0;
				GCC_PREPROCESSOR_DEFINITIONS = (
					"DEBUG=1",
					"$(inherited)",
				);
				GCC_WARN_64_TO_32_BIT_CONVERSION = YES;
				GCC_WARN_ABOUT_RETURN_TYPE = YES_ERROR;
				GCC_WARN_UNDECLARED_SELECTOR = YES;
				GCC_WARN_UNINITIALIZED_AUTOS = YES_AGGRESSIVE;
				GCC_WARN_UNUSED_FUNCTION = YES;
				GCC_WARN_UNUSED_VARIABLE = YES;
				IPHONEOS_DEPLOYMENT_TARGET = 13.7;
				MTL_ENABLE_DEBUG_INFO = INCLUDE_SOURCE;
				MTL_FAST_MATH = YES;
				ONLY_ACTIVE_ARCH = YES;
				SDKROOT = iphoneos;
				SWIFT_ACTIVE_COMPILATION_CONDITIONS = DEBUG;
				SWIFT_OPTIMIZATION_LEVEL = "-Onone";
			};
			name = Debug;
		};
		B27F33E9253C97DA0073022D /* Release */ = {
			isa = XCBuildConfiguration;
			buildSettings = {
				ALWAYS_SEARCH_USER_PATHS = NO;
				CLANG_ANALYZER_NONNULL = YES;
				CLANG_ANALYZER_NUMBER_OBJECT_CONVERSION = YES_AGGRESSIVE;
				CLANG_CXX_LANGUAGE_STANDARD = "gnu++14";
				CLANG_CXX_LIBRARY = "libc++";
				CLANG_ENABLE_MODULES = YES;
				CLANG_ENABLE_OBJC_ARC = YES;
				CLANG_ENABLE_OBJC_WEAK = YES;
				CLANG_WARN_BLOCK_CAPTURE_AUTORELEASING = YES;
				CLANG_WARN_BOOL_CONVERSION = YES;
				CLANG_WARN_COMMA = YES;
				CLANG_WARN_CONSTANT_CONVERSION = YES;
				CLANG_WARN_DEPRECATED_OBJC_IMPLEMENTATIONS = YES;
				CLANG_WARN_DIRECT_OBJC_ISA_USAGE = YES_ERROR;
				CLANG_WARN_DOCUMENTATION_COMMENTS = YES;
				CLANG_WARN_EMPTY_BODY = YES;
				CLANG_WARN_ENUM_CONVERSION = YES;
				CLANG_WARN_INFINITE_RECURSION = YES;
				CLANG_WARN_INT_CONVERSION = YES;
				CLANG_WARN_NON_LITERAL_NULL_CONVERSION = YES;
				CLANG_WARN_OBJC_IMPLICIT_RETAIN_SELF = YES;
				CLANG_WARN_OBJC_LITERAL_CONVERSION = YES;
				CLANG_WARN_OBJC_ROOT_CLASS = YES_ERROR;
				CLANG_WARN_RANGE_LOOP_ANALYSIS = YES;
				CLANG_WARN_STRICT_PROTOTYPES = YES;
				CLANG_WARN_SUSPICIOUS_MOVE = YES;
				CLANG_WARN_UNGUARDED_AVAILABILITY = YES_AGGRESSIVE;
				CLANG_WARN_UNREACHABLE_CODE = YES;
				CLANG_WARN__DUPLICATE_METHOD_MATCH = YES;
				COPY_PHASE_STRIP = NO;
				DEBUG_INFORMATION_FORMAT = "dwarf-with-dsym";
				ENABLE_NS_ASSERTIONS = NO;
				ENABLE_STRICT_OBJC_MSGSEND = YES;
				GCC_C_LANGUAGE_STANDARD = gnu11;
				GCC_NO_COMMON_BLOCKS = YES;
				GCC_WARN_64_TO_32_BIT_CONVERSION = YES;
				GCC_WARN_ABOUT_RETURN_TYPE = YES_ERROR;
				GCC_WARN_UNDECLARED_SELECTOR = YES;
				GCC_WARN_UNINITIALIZED_AUTOS = YES_AGGRESSIVE;
				GCC_WARN_UNUSED_FUNCTION = YES;
				GCC_WARN_UNUSED_VARIABLE = YES;
				IPHONEOS_DEPLOYMENT_TARGET = 13.7;
				MTL_ENABLE_DEBUG_INFO = NO;
				MTL_FAST_MATH = YES;
				SDKROOT = iphoneos;
				SWIFT_COMPILATION_MODE = wholemodule;
				SWIFT_OPTIMIZATION_LEVEL = "-O";
				VALIDATE_PRODUCT = YES;
			};
			name = Release;
		};
		B27F33EB253C97DA0073022D /* Debug */ = {
			isa = XCBuildConfiguration;
			baseConfigurationReference = A288853CE4C62E81C3335260 /* Pods-AuthenApp.debug.xcconfig */;
			buildSettings = {
				ASSETCATALOG_COMPILER_APPICON_NAME = AppIcon;
				CODE_SIGN_STYLE = Automatic;
				DEVELOPMENT_ASSET_PATHS = "\"AuthenApp/Preview Content\"";
				DEVELOPMENT_TEAM = M5985YM8L9;
				ENABLE_PREVIEWS = YES;
				INFOPLIST_FILE = AuthenApp/Info.plist;
				LD_RUNPATH_SEARCH_PATHS = (
					"$(inherited)",
					"@executable_path/Frameworks",
				);
				PRODUCT_BUNDLE_IDENTIFIER = com.itraining.swiftui.AuthenApp;
				PRODUCT_NAME = "$(TARGET_NAME)";
				SWIFT_VERSION = 5.0;
				TARGETED_DEVICE_FAMILY = "1,2";
			};
			name = Debug;
		};
		B27F33EC253C97DA0073022D /* Release */ = {
			isa = XCBuildConfiguration;
			baseConfigurationReference = 0E3601DC45AFF86F1756B9BF /* Pods-AuthenApp.release.xcconfig */;
			buildSettings = {
				ASSETCATALOG_COMPILER_APPICON_NAME = AppIcon;
				CODE_SIGN_STYLE = Automatic;
				DEVELOPMENT_ASSET_PATHS = "\"AuthenApp/Preview Content\"";
				DEVELOPMENT_TEAM = M5985YM8L9;
				ENABLE_PREVIEWS = YES;
				INFOPLIST_FILE = AuthenApp/Info.plist;
				LD_RUNPATH_SEARCH_PATHS = (
					"$(inherited)",
					"@executable_path/Frameworks",
				);
				PRODUCT_BUNDLE_IDENTIFIER = com.itraining.swiftui.AuthenApp;
				PRODUCT_NAME = "$(TARGET_NAME)";
				SWIFT_VERSION = 5.0;
				TARGETED_DEVICE_FAMILY = "1,2";
			};
			name = Release;
		};
/* End XCBuildConfiguration section */

/* Begin XCConfigurationList section */
		B27F33D1253C97D80073022D /* Build configuration list for PBXProject "AuthenApp" */ = {
			isa = XCConfigurationList;
			buildConfigurations = (
				B27F33E8253C97DA0073022D /* Debug */,
				B27F33E9253C97DA0073022D /* Release */,
			);
			defaultConfigurationIsVisible = 0;
			defaultConfigurationName = Release;
		};
		B27F33EA253C97DA0073022D /* Build configuration list for PBXNativeTarget "AuthenApp" */ = {
			isa = XCConfigurationList;
			buildConfigurations = (
				B27F33EB253C97DA0073022D /* Debug */,
				B27F33EC253C97DA0073022D /* Release */,
			);
			defaultConfigurationIsVisible = 0;
			defaultConfigurationName = Release;
		};
/* End XCConfigurationList section */
	};
	rootObject = B27F33CE253C97D80073022D /* Project object */;
}
