// !$*UTF8*$!
{
	archiveVersion = 1;
	classes = {
	};
	objectVersion = 50;
	objects = {

/* Begin PBXBuildFile section */
		B2091DF12537518D00C2CC22 /* AppDelegate.swift in Sources */ = {isa = PBXBuildFile; fileRef = B2091DF02537518D00C2CC22 /* AppDelegate.swift */; };
		B2091DF32537518D00C2CC22 /* SceneDelegate.swift in Sources */ = {isa = PBXBuildFile; fileRef = B2091DF22537518D00C2CC22 /* SceneDelegate.swift */; };
		B2091DF52537518D00C2CC22 /* ViewController.swift in Sources */ = {isa = PBXBuildFile; fileRef = B2091DF42537518D00C2CC22 /* ViewController.swift */; };
		B2091DF82537518D00C2CC22 /* Main.storyboard in Resources */ = {isa = PBXBuildFile; fileRef = B2091DF62537518D00C2CC22 /* Main.storyboard */; };
		B2091DFA2537518F00C2CC22 /* Assets.xcassets in Resources */ = {isa = PBXBuildFile; fileRef = B2091DF92537518F00C2CC22 /* Assets.xcassets */; };
		B2091DFD2537518F00C2CC22 /* LaunchScreen.storyboard in Resources */ = {isa = PBXBuildFile; fileRef = B2091DFB2537518F00C2CC22 /* LaunchScreen.storyboard */; };
		B2091E252537520400C2CC22 /* ContentView.swift in Sources */ = {isa = PBXBuildFile; fileRef = B2091E242537520400C2CC22 /* ContentView.swift */; };
/* End PBXBuildFile section */

/* Begin PBXFileReference section */
		B2091DED2537518D00C2CC22 /* AppUIKit.app */ = {isa = PBXFileReference; explicitFileType = wrapper.application; includeInIndex = 0; path = AppUIKit.app; sourceTree = BUILT_PRODUCTS_DIR; };
		B2091DF02537518D00C2CC22 /* AppDelegate.swift */ = {isa = PBXFileReference; lastKnownFileType = sourcecode.swift; path = AppDelegate.swift; sourceTree = "<group>"; };
		B2091DF22537518D00C2CC22 /* SceneDelegate.swift */ = {isa = PBXFileReference; lastKnownFileType = sourcecode.swift; path = SceneDelegate.swift; sourceTree = "<group>"; };
		B2091DF42537518D00C2CC22 /* ViewController.swift */ = {isa = PBXFileReference; lastKnownFileType = sourcecode.swift; path = ViewController.swift; sourceTree = "<group>"; };
		B2091DF72537518D00C2CC22 /* Base */ = {isa = PBXFileReference; lastKnownFileType = file.storyboard; name = Base; path = Base.lproj/Main.storyboard; sourceTree = "<group>"; };
		B2091DF92537518F00C2CC22 /* Assets.xcassets */ = {isa = PBXFileReference; lastKnownFileType = folder.assetcatalog; path = Assets.xcassets; sourceTree = "<group>"; };
		B2091DFC2537518F00C2CC22 /* Base */ = {isa = PBXFileReference; lastKnownFileType = file.storyboard; name = Base; path = Base.lproj/LaunchScreen.storyboard; sourceTree = "<group>"; };
		B2091DFE2537518F00C2CC22 /* Info.plist */ = {isa = PBXFileReference; lastKnownFileType = text.plist.xml; path = Info.plist; sourceTree = "<group>"; };
		B2091E242537520400C2CC22 /* ContentView.swift */ = {isa = PBXFileReference; fileEncoding = 4; lastKnownFileType = sourcecode.swift; name = ContentView.swift; path = ../../AppSwiftUI/AppSwiftUI/ContentView.swift; sourceTree = "<group>"; };
/* End PBXFileReference section */

/* Begin PBXFrameworksBuildPhase section */
		B2091DEA2537518D00C2CC22 /* Frameworks */ = {
			isa = PBXFrameworksBuildPhase;
			buildActionMask = 2147483647;
			files = (
			);
			runOnlyForDeploymentPostprocessing = 0;
		};
/* End PBXFrameworksBuildPhase section */

/* Begin PBXGroup section */
		B2091DE42537518D00C2CC22 = {
			isa = PBXGroup;
			children = (
				B2091DEF2537518D00C2CC22 /* AppUIKit */,
				B2091DEE2537518D00C2CC22 /* Products */,
			);
			sourceTree = "<group>";
		};
		B2091DEE2537518D00C2CC22 /* Products */ = {
			isa = PBXGroup;
			children = (
				B2091DED2537518D00C2CC22 /* AppUIKit.app */,
			);
			name = Products;
			sourceTree = "<group>";
		};
		B2091DEF2537518D00C2CC22 /* AppUIKit */ = {
			isa = PBXGroup;
			children = (
				B2091DF02537518D00C2CC22 /* AppDelegate.swift */,
				B2091DF22537518D00C2CC22 /* SceneDelegate.swift */,
				B2091E242537520400C2CC22 /* ContentView.swift */,
				B2091DF42537518D00C2CC22 /* ViewController.swift */,
				B2091DF62537518D00C2CC22 /* Main.storyboard */,
				B2091DF92537518F00C2CC22 /* Assets.xcassets */,
				B2091DFB2537518F00C2CC22 /* LaunchScreen.storyboard */,
				B2091DFE2537518F00C2CC22 /* Info.plist */,
			);
			path = AppUIKit;
			sourceTree = "<group>";
		};
/* End PBXGroup section */

/* Begin PBXNativeTarget section */
		B2091DEC2537518D00C2CC22 /* AppUIKit */ = {
			isa = PBXNativeTarget;
			buildConfigurationList = B2091E012537518F00C2CC22 /* Build configuration list for PBXNativeTarget "AppUIKit" */;
			buildPhases = (
				B2091DE92537518D00C2CC22 /* Sources */,
				B2091DEA2537518D00C2CC22 /* Frameworks */,
				B2091DEB2537518D00C2CC22 /* Resources */,
			);
			buildRules = (
			);
			dependencies = (
			);
			name = AppUIKit;
			productName = AppUIKit;
			productReference = B2091DED2537518D00C2CC22 /* AppUIKit.app */;
			productType = "com.apple.product-type.application";
		};
/* End PBXNativeTarget section */

/* Begin PBXProject section */
		B2091DE52537518D00C2CC22 /* Project object */ = {
			isa = PBXProject;
			attributes = {
				LastSwiftUpdateCheck = 1130;
				LastUpgradeCheck = 1130;
				ORGANIZATIONNAME = Henry;
				TargetAttributes = {
					B2091DEC2537518D00C2CC22 = {
						CreatedOnToolsVersion = 11.3.1;
					};
				};
			};
			buildConfigurationList = B2091DE82537518D00C2CC22 /* Build configuration list for PBXProject "AppUIKit" */;
			compatibilityVersion = "Xcode 9.3";
			developmentRegion = en;
			hasScannedForEncodings = 0;
			knownRegions = (
				en,
				Base,
			);
			mainGroup = B2091DE42537518D00C2CC22;
			productRefGroup = B2091DEE2537518D00C2CC22 /* Products */;
			projectDirPath = "";
			projectRoot = "";
			targets = (
				B2091DEC2537518D00C2CC22 /* AppUIKit */,
			);
		};
/* End PBXProject section */

/* Begin PBXResourcesBuildPhase section */
		B2091DEB2537518D00C2CC22 /* Resources */ = {
			isa = PBXResourcesBuildPhase;
			buildActionMask = 2147483647;
			files = (
				B2091DFD2537518F00C2CC22 /* LaunchScreen.storyboard in Resources */,
				B2091DFA2537518F00C2CC22 /* Assets.xcassets in Resources */,
				B2091DF82537518D00C2CC22 /* Main.storyboard in Resources */,
			);
			runOnlyForDeploymentPostprocessing = 0;
		};
/* End PBXResourcesBuildPhase section */

/* Begin PBXSourcesBuildPhase section */
		B2091DE92537518D00C2CC22 /* Sources */ = {
			isa = PBXSourcesBuildPhase;
			buildActionMask = 2147483647;
			files = (
				B2091DF52537518D00C2CC22 /* ViewController.swift in Sources */,
				B2091DF12537518D00C2CC22 /* AppDelegate.swift in Sources */,
				B2091E252537520400C2CC22 /* ContentView.swift in Sources */,
				B2091DF32537518D00C2CC22 /* SceneDelegate.swift in Sources */,
			);
			runOnlyForDeploymentPostprocessing = 0;
		};
/* End PBXSourcesBuildPhase section */

/* Begin PBXVariantGroup section */
		B2091DF62537518D00C2CC22 /* Main.storyboard */ = {
			isa = PBXVariantGroup;
			children = (
				B2091DF72537518D00C2CC22 /* Base */,
			);
			name = Main.storyboard;
			sourceTree = "<group>";
		};
		B2091DFB2537518F00C2CC22 /* LaunchScreen.storyboard */ = {
			isa = PBXVariantGroup;
			children = (
				B2091DFC2537518F00C2CC22 /* Base */,
			);
			name = LaunchScreen.storyboard;
			sourceTree = "<group>";
		};
/* End PBXVariantGroup section */

/* Begin XCBuildConfiguration section */
		B2091DFF2537518F00C2CC22 /* Debug */ = {
			isa = XCBuildConfiguration;
			buildSettings = {
				ALWAYS_SEARCH_USER_PATHS = NO;
				CLANG_ANALYZER_NONNULL = YES;
				CLANG_ANALYZER_NUMBER_OBJECT_CONVERSION = YES_AGGRESSIVE;
				CLANG_CXX_LANGUAGE_STANDARD = "gnu++14";
				CLANG_CXX_LIBRARY = "libc++";
				CLANG_ENABLE_MODULES = YES;
				CLANG_ENABLE_OBJC_ARC = YES;
				CLANG_ENABLE_OBJC_WEAK = YES;
				CLANG_WARN_BLOCK_CAPTURE_AUTORELEASING = YES;
				CLANG_WARN_BOOL_CONVERSION = YES;
				CLANG_WARN_COMMA = YES;
				CLANG_WARN_CONSTANT_CONVERSION = YES;
				CLANG_WARN_DEPRECATED_OBJC_IMPLEMENTATIONS = YES;
				CLANG_WARN_DIRECT_OBJC_ISA_USAGE = YES_ERROR;
				CLANG_WARN_DOCUMENTATION_COMMENTS = YES;
				CLANG_WARN_EMPTY_BODY = YES;
				CLANG_WARN_ENUM_CONVERSION = YES;
				CLANG_WARN_INFINITE_RECURSION = YES;
				CLANG_WARN_INT_CONVERSION = YES;
				CLANG_WARN_NON_LITERAL_NULL_CONVERSION = YES;
				CLANG_WARN_OBJC_IMPLICIT_RETAIN_SELF = YES;
				CLANG_WARN_OBJC_LITERAL_CONVERSION = YES;
				CLANG_WARN_OBJC_ROOT_CLASS = YES_ERROR;
				CLANG_WARN_RANGE_LOOP_ANALYSIS = YES;
				CLANG_WARN_STRICT_PROTOTYPES = YES;
				CLANG_WARN_SUSPICIOUS_MOVE = YES;
				CLANG_WARN_UNGUARDED_AVAILABILITY = YES_AGGRESSIVE;
				CLANG_WARN_UNREACHABLE_CODE = YES;
				CLANG_WARN__DUPLICATE_METHOD_MATCH = YES;
				COPY_PHASE_STRIP = NO;
				DEBUG_INFORMATION_FORMAT = dwarf;
				ENABLE_STRICT_OBJC_MSGSEND = YES;
				ENABLE_TESTABILITY = YES;
				GCC_C_LANGUAGE_STANDARD = gnu11;
				GCC_DYNAMIC_NO_PIC = NO;
				GCC_NO_COMMON_BLOCKS = YES;
				GCC_OPTIMIZATION_LEVEL = 0;
				GCC_PREPROCESSOR_DEFINITIONS = (
					"DEBUG=1",
					"$(inherited)",
				);
				GCC_WARN_64_TO_32_BIT_CONVERSION = YES;
				GCC_WARN_ABOUT_RETURN_TYPE = YES_ERROR;
				GCC_WARN_UNDECLARED_SELECTOR = YES;
				GCC_WARN_UNINITIALIZED_AUTOS = YES_AGGRESSIVE;
				GCC_WARN_UNUSED_FUNCTION = YES;
				GCC_WARN_UNUSED_VARIABLE = YES;
				IPHONEOS_DEPLOYMENT_TARGET = 13.2;
				MTL_ENABLE_DEBUG_INFO = INCLUDE_SOURCE;
				MTL_FAST_MATH = YES;
				ONLY_ACTIVE_ARCH = YES;
				SDKROOT = iphoneos;
				SWIFT_ACTIVE_COMPILATION_CONDITIONS = DEBUG;
				SWIFT_OPTIMIZATION_LEVEL = "-Onone";
			};
			name = Debug;
		};
		B2091E002537518F00C2CC22 /* Release */ = {
			isa = XCBuildConfiguration;
			buildSettings = {
				ALWAYS_SEARCH_USER_PATHS = NO;
				CLANG_ANALYZER_NONNULL = YES;
				CLANG_ANALYZER_NUMBER_OBJECT_CONVERSION = YES_AGGRESSIVE;
				CLANG_CXX_LANGUAGE_STANDARD = "gnu++14";
				CLANG_CXX_LIBRARY = "libc++";
				CLANG_ENABLE_MODULES = YES;
				CLANG_ENABLE_OBJC_ARC = YES;
				CLANG_ENABLE_OBJC_WEAK = YES;
				CLANG_WARN_BLOCK_CAPTURE_AUTORELEASING = YES;
				CLANG_WARN_BOOL_CONVERSION = YES;
				CLANG_WARN_COMMA = YES;
				CLANG_WARN_CONSTANT_CONVERSION = YES;
				CLANG_WARN_DEPRECATED_OBJC_IMPLEMENTATIONS = YES;
				CLANG_WARN_DIRECT_OBJC_ISA_USAGE = YES_ERROR;
				CLANG_WARN_DOCUMENTATION_COMMENTS = YES;
				CLANG_WARN_EMPTY_BODY = YES;
				CLANG_WARN_ENUM_CONVERSION = YES;
				CLANG_WARN_INFINITE_RECURSION = YES;
				CLANG_WARN_INT_CONVERSION = YES;
				CLANG_WARN_NON_LITERAL_NULL_CONVERSION = YES;
				CLANG_WARN_OBJC_IMPLICIT_RETAIN_SELF = YES;
				CLANG_WARN_OBJC_LITERAL_CONVERSION = YES;
				CLANG_WARN_OBJC_ROOT_CLASS = YES_ERROR;
				CLANG_WARN_RANGE_LOOP_ANALYSIS = YES;
				CLANG_WARN_STRICT_PROTOTYPES = YES;
				CLANG_WARN_SUSPICIOUS_MOVE = YES;
				CLANG_WARN_UNGUARDED_AVAILABILITY = YES_AGGRESSIVE;
				CLANG_WARN_UNREACHABLE_CODE = YES;
				CLANG_WARN__DUPLICATE_METHOD_MATCH = YES;
				COPY_PHASE_STRIP = NO;
				DEBUG_INFORMATION_FORMAT = "dwarf-with-dsym";
				ENABLE_NS_ASSERTIONS = NO;
				ENABLE_STRICT_OBJC_MSGSEND = YES;
				GCC_C_LANGUAGE_STANDARD = gnu11;
				GCC_NO_COMMON_BLOCKS = YES;
				GCC_WARN_64_TO_32_BIT_CONVERSION = YES;
				GCC_WARN_ABOUT_RETURN_TYPE = YES_ERROR;
				GCC_WARN_UNDECLARED_SELECTOR = YES;
				GCC_WARN_UNINITIALIZED_AUTOS = YES_AGGRESSIVE;
				GCC_WARN_UNUSED_FUNCTION = YES;
				GCC_WARN_UNUSED_VARIABLE = YES;
				IPHONEOS_DEPLOYMENT_TARGET = 13.2;
				MTL_ENABLE_DEBUG_INFO = NO;
				MTL_FAST_MATH = YES;
				SDKROOT = iphoneos;
				SWIFT_COMPILATION_MODE = wholemodule;
				SWIFT_OPTIMIZATION_LEVEL = "-O";
				VALIDATE_PRODUCT = YES;
			};
			name = Release;
		};
		B2091E022537518F00C2CC22 /* Debug */ = {
			isa = XCBuildConfiguration;
			buildSettings = {
				ASSETCATALOG_COMPILER_APPICON_NAME = AppIcon;
				CODE_SIGN_STYLE = Automatic;
				DEVELOPMENT_TEAM = M5985YM8L9;
				INFOPLIST_FILE = AppUIKit/Info.plist;
				LD_RUNPATH_SEARCH_PATHS = (
					"$(inherited)",
					"@executable_path/Frameworks",
				);
				PRODUCT_BUNDLE_IDENTIFIER = com.itraining.swiftui.AppUIKit;
				PRODUCT_NAME = "$(TARGET_NAME)";
				SWIFT_VERSION = 5.0;
				TARGETED_DEVICE_FAMILY = "1,2";
			};
			name = Debug;
		};
		B2091E032537518F00C2CC22 /* Release */ = {
			isa = XCBuildConfiguration;
			buildSettings = {
				ASSETCATALOG_COMPILER_APPICON_NAME = AppIcon;
				CODE_SIGN_STYLE = Automatic;
				DEVELOPMENT_TEAM = M5985YM8L9;
				INFOPLIST_FILE = AppUIKit/Info.plist;
				LD_RUNPATH_SEARCH_PATHS = (
					"$(inherited)",
					"@executable_path/Frameworks",
				);
				PRODUCT_BUNDLE_IDENTIFIER = com.itraining.swiftui.AppUIKit;
				PRODUCT_NAME = "$(TARGET_NAME)";
				SWIFT_VERSION = 5.0;
				TARGETED_DEVICE_FAMILY = "1,2";
			};
			name = Release;
		};
/* End XCBuildConfiguration section */

/* Begin XCConfigurationList section */
		B2091DE82537518D00C2CC22 /* Build configuration list for PBXProject "AppUIKit" */ = {
			isa = XCConfigurationList;
			buildConfigurations = (
				B2091DFF2537518F00C2CC22 /* Debug */,
				B2091E002537518F00C2CC22 /* Release */,
			);
			defaultConfigurationIsVisible = 0;
			defaultConfigurationName = Release;
		};
		B2091E012537518F00C2CC22 /* Build configuration list for PBXNativeTarget "AppUIKit" */ = {
			isa = XCConfigurationList;
			buildConfigurations = (
				B2091E022537518F00C2CC22 /* Debug */,
				B2091E032537518F00C2CC22 /* Release */,
			);
			defaultConfigurationIsVisible = 0;
			defaultConfigurationName = Release;
		};
/* End XCConfigurationList section */
	};
	rootObject = B2091DE52537518D00C2CC22 /* Project object */;
}
